
Microsoft Visual Studio Solution File, Format Version 12.00
# Visual Studio 15
VisualStudioVersion = 15.0.28307.757
MinimumVisualStudioVersion = 10.0.40219.1
Project("{FAE04EC0-301F-11D3-BF4B-00C04F79EFBC}") = "DirectDemo", "DirectDemo.csproj", "{7F2011FE-0DC2-423B-8DA9-A89199128D00}"
EndProject
Global
	GlobalSection(SolutionConfigurationPlatforms) = preSolution
		Debug|Any CPU = Debug|Any CPU
		Release|Any CPU = Release|Any CPU
	EndGlobalSection
	GlobalSection(ProjectConfigurationPlatforms) = postSolution
		{7F2011FE-0DC2-423B-8DA9-A89199128D00}.Debug|Any CPU.ActiveCfg = Debug|Any CPU
		{7F2011FE-0DC2-423B-8DA9-A89199128D00}.Debug|Any CPU.Build.0 = Debug|Any CPU
		{7F2011FE-0DC2-423B-8DA9-A89199128D00}.Release|Any CPU.ActiveCfg = Release|Any CPU
		{7F2011FE-0DC2-423B-8DA9-A89199128D00}.Release|Any CPU.Build.0 = Release|Any CPU
	EndGlobalSection
	GlobalSection(SolutionProperties) = preSolution
		HideSolutionNode = FALSE
	EndGlobalSection
	GlobalSection(ExtensibilityGlobals) = postSolution
		SolutionGuid = {9AA0B1C0-0B29-4472-AF77-1CD713AEC313}
	EndGlobalSection
EndGlobal
