
Microsoft Visual Studio Solution File, Format Version 12.00
# Visual Studio 15
VisualStudioVersion = 15.0.28307.757
MinimumVisualStudioVersion = 10.0.40219.1
Project("{FAE04EC0-301F-11D3-BF4B-00C04F79EFBC}") = "AlternateDemo", "AlternateDemo.csproj", "{B6990BB4-FCF2-4C50-84F7-C2D6B35AB08B}"
EndProject
Global
	GlobalSection(SolutionConfigurationPlatforms) = preSolution
		Debug|Any CPU = Debug|Any CPU
		Release|Any CPU = Release|Any CPU
	EndGlobalSection
	GlobalSection(ProjectConfigurationPlatforms) = postSolution
		{B6990BB4-FCF2-4C50-84F7-C2D6B35AB08B}.Debug|Any CPU.ActiveCfg = Debug|Any CPU
		{B6990BB4-FCF2-4C50-84F7-C2D6B35AB08B}.Debug|Any CPU.Build.0 = Debug|Any CPU
		{B6990BB4-FCF2-4C50-84F7-C2D6B35AB08B}.Release|Any CPU.ActiveCfg = Release|Any CPU
		{B6990BB4-FCF2-4C50-84F7-C2D6B35AB08B}.Release|Any CPU.Build.0 = Release|Any CPU
	EndGlobalSection
	GlobalSection(SolutionProperties) = preSolution
		HideSolutionNode = FALSE
	EndGlobalSection
	GlobalSection(ExtensibilityGlobals) = postSolution
		SolutionGuid = {105B914A-0414-42FA-B6E7-2CC0F2DFFA23}
	EndGlobalSection
EndGlobal
