
Microsoft Visual Studio Solution File, Format Version 12.00
# Visual Studio 15
VisualStudioVersion = 15.0.28307.757
MinimumVisualStudioVersion = 10.0.40219.1
Project("{FAE04EC0-301F-11D3-BF4B-00C04F79EFBC}") = "DefaultDemo", "DefaultDemo.csproj", "{F667E095-B206-4B03-BA0C-A4FB07DD22EE}"
EndProject
Global
	GlobalSection(SolutionConfigurationPlatforms) = preSolution
		Debug|Any CPU = Debug|Any CPU
		Release|Any CPU = Release|Any CPU
	EndGlobalSection
	GlobalSection(ProjectConfigurationPlatforms) = postSolution
		{F667E095-B206-4B03-BA0C-A4FB07DD22EE}.Debug|Any CPU.ActiveCfg = Debug|Any CPU
		{F667E095-B206-4B03-BA0C-A4FB07DD22EE}.Debug|Any CPU.Build.0 = Debug|Any CPU
		{F667E095-B206-4B03-BA0C-A4FB07DD22EE}.Release|Any CPU.ActiveCfg = Release|Any CPU
		{F667E095-B206-4B03-BA0C-A4FB07DD22EE}.Release|Any CPU.Build.0 = Release|Any CPU
	EndGlobalSection
	GlobalSection(SolutionProperties) = preSolution
		HideSolutionNode = FALSE
	EndGlobalSection
	GlobalSection(ExtensibilityGlobals) = postSolution
		SolutionGuid = {CC630571-9B5A-4E2C-8864-BE68723C646F}
	EndGlobalSection
EndGlobal
