
Microsoft Visual Studio Solution File, Format Version 12.00
# Visual Studio Version 17
VisualStudioVersion = 17.5.33424.131
MinimumVisualStudioVersion = 10.0.40219.1
Project("{2150E333-8FDC-42A3-9474-1A3956D46DE8}") = "Domain", "Domain", "{5FAA39E9-8E52-4F6B-AC7A-A6C64D43211C}"
EndProject
Project("{9A19103F-16F7-4668-BE54-9A1E7A4F7556}") = "MicroRabbit.Domain.Core", "MicroRabbit.Domain.Core\MicroRabbit.Domain.Core.csproj", "{90101232-0EB0-4D3E-A2AC-DE8F56F48C09}"
EndProject
Project("{2150E333-8FDC-42A3-9474-1A3956D46DE8}") = "Infra.Bus", "Infra.Bus", "{099EE366-8B73-4926-9715-DCDA0358F54C}"
EndProject
Project("{2150E333-8FDC-42A3-9474-1A3956D46DE8}") = "Infra.IoC", "Infra.IoC", "{47D36D24-7984-463A-95C0-1D4AE09142D6}"
EndProject
Project("{2150E333-8FDC-42A3-9474-1A3956D46DE8}") = "Microservices", "Microservices", "{06A8C86F-0743-41FA-B95B-169ECDA12D1C}"
EndProject
Project("{2150E333-8FDC-42A3-9474-1A3956D46DE8}") = "Presentation", "Presentation", "{E8B8D0A0-F064-4669-A3CA-94CBDEA0DC99}"
EndProject
Project("{9A19103F-16F7-4668-BE54-9A1E7A4F7556}") = "MicroRabbit.Infra.Bus", "MicroRabbit.Infra.Bus\MicroRabbit.Infra.Bus.csproj", "{0EA07BBE-5509-4D9E-84C8-E749314FC9F2}"
EndProject
Project("{9A19103F-16F7-4668-BE54-9A1E7A4F7556}") = "MicroRabbit.Infra.IoC", "MicroRabbit.Infra.IoC\MicroRabbit.Infra.IoC.csproj", "{8523DB36-4EDB-4BC0-BBEE-05741295D849}"
EndProject
Project("{2150E333-8FDC-42A3-9474-1A3956D46DE8}") = "Banking", "Banking", "{436EE22B-0B14-4A1A-8D73-A8B22ED184C8}"
EndProject
Project("{2150E333-8FDC-42A3-9474-1A3956D46DE8}") = "Api", "Api", "{5FABA88F-09C3-407F-B6EB-C228A2D924A0}"
EndProject
Project("{2150E333-8FDC-42A3-9474-1A3956D46DE8}") = "Data", "Data", "{74ABB0BE-C689-4A9C-A540-AE96D26EA7D6}"
EndProject
Project("{2150E333-8FDC-42A3-9474-1A3956D46DE8}") = "Application", "Application", "{04F5267C-5AB5-465A-BEE4-CA62EBC1A014}"
EndProject
Project("{2150E333-8FDC-42A3-9474-1A3956D46DE8}") = "Domain", "Domain", "{CA8F6133-EB33-4906-94FB-7A8F1F6B3B1E}"
EndProject
Project("{9A19103F-16F7-4668-BE54-9A1E7A4F7556}") = "MicroRabbit.Banking.Application", "MicroRabbit.Banking.Application\MicroRabbit.Banking.Application.csproj", "{814483F5-13E1-4132-A3FC-CB1298E5F8D9}"
EndProject
Project("{9A19103F-16F7-4668-BE54-9A1E7A4F7556}") = "MicroRabbit.Banking.Data", "MicroRabbit.Banking.Data\MicroRabbit.Banking.Data.csproj", "{2C69272F-2641-40F1-B351-05AF73236A6A}"
EndProject
Project("{9A19103F-16F7-4668-BE54-9A1E7A4F7556}") = "MicroRabbit.Banking.Domain", "MicroRabbit.Banking.Domain\MicroRabbit.Banking.Domain.csproj", "{60D825A3-5D92-4EB9-A149-4E40AAAACC54}"
EndProject
Project("{9A19103F-16F7-4668-BE54-9A1E7A4F7556}") = "MicroRabbit.Banking.API", "MicroRabbit.Banking.API\MicroRabbit.Banking.API.csproj", "{40831B3F-49C1-44CA-89B4-3E69C7F86DD0}"
EndProject
Project("{2150E333-8FDC-42A3-9474-1A3956D46DE8}") = "Transfer", "Transfer", "{2942342C-D500-4453-B7AF-50E40C96B976}"
EndProject
Project("{2150E333-8FDC-42A3-9474-1A3956D46DE8}") = "Api", "Api", "{D5F511DE-B997-45DF-A2C9-CD89D8DB8DCC}"
EndProject
Project("{2150E333-8FDC-42A3-9474-1A3956D46DE8}") = "Application", "Application", "{1196D817-FC1D-4952-9E57-D071A85F5D76}"
EndProject
Project("{2150E333-8FDC-42A3-9474-1A3956D46DE8}") = "Data", "Data", "{B0B1D1A0-B1DD-44C3-96D6-BBA78AC6D03D}"
EndProject
Project("{2150E333-8FDC-42A3-9474-1A3956D46DE8}") = "Domain", "Domain", "{E6B5798C-2593-4D4D-ACFC-D047A8298328}"
EndProject
Project("{FAE04EC0-301F-11D3-BF4B-00C04F79EFBC}") = "MicroRabbit.Transfer.Api", "MicroRabbit.Transfer.Api\MicroRabbit.Transfer.Api.csproj", "{F053DAB0-32A7-495B-B3E1-D1CDD32BB21A}"
EndProject
Project("{FAE04EC0-301F-11D3-BF4B-00C04F79EFBC}") = "MicroRabbit.Transfer.Data", "MicroRabbit.Transfer.Data\MicroRabbit.Transfer.Data.csproj", "{F4C2A3BE-C455-4720-80C6-02FCAE7209DF}"
EndProject
Project("{FAE04EC0-301F-11D3-BF4B-00C04F79EFBC}") = "MicroRabbit.Transfer.Domain", "MicroRabbit.Transfer.Domain\MicroRabbit.Transfer.Domain.csproj", "{26A8FAB7-F683-4C73-AF25-9C28862010A0}"
EndProject
Project("{FAE04EC0-301F-11D3-BF4B-00C04F79EFBC}") = "MicroRabbit.Transfer.Application", "MicroRabbit.Transfer.Application\MicroRabbit.Transfer.Application.csproj", "{A751ECEE-C0E0-472C-A5B4-2321E1E331A2}"
EndProject
Global
	GlobalSection(SolutionConfigurationPlatforms) = preSolution
		Debug|Any CPU = Debug|Any CPU
		Release|Any CPU = Release|Any CPU
	EndGlobalSection
	GlobalSection(ProjectConfigurationPlatforms) = postSolution
		{90101232-0EB0-4D3E-A2AC-DE8F56F48C09}.Debug|Any CPU.ActiveCfg = Debug|Any CPU
		{90101232-0EB0-4D3E-A2AC-DE8F56F48C09}.Debug|Any CPU.Build.0 = Debug|Any CPU
		{90101232-0EB0-4D3E-A2AC-DE8F56F48C09}.Release|Any CPU.ActiveCfg = Release|Any CPU
		{90101232-0EB0-4D3E-A2AC-DE8F56F48C09}.Release|Any CPU.Build.0 = Release|Any CPU
		{0EA07BBE-5509-4D9E-84C8-E749314FC9F2}.Debug|Any CPU.ActiveCfg = Debug|Any CPU
		{0EA07BBE-5509-4D9E-84C8-E749314FC9F2}.Debug|Any CPU.Build.0 = Debug|Any CPU
		{0EA07BBE-5509-4D9E-84C8-E749314FC9F2}.Release|Any CPU.ActiveCfg = Release|Any CPU
		{0EA07BBE-5509-4D9E-84C8-E749314FC9F2}.Release|Any CPU.Build.0 = Release|Any CPU
		{8523DB36-4EDB-4BC0-BBEE-05741295D849}.Debug|Any CPU.ActiveCfg = Debug|Any CPU
		{8523DB36-4EDB-4BC0-BBEE-05741295D849}.Debug|Any CPU.Build.0 = Debug|Any CPU
		{8523DB36-4EDB-4BC0-BBEE-05741295D849}.Release|Any CPU.ActiveCfg = Release|Any CPU
		{8523DB36-4EDB-4BC0-BBEE-05741295D849}.Release|Any CPU.Build.0 = Release|Any CPU
		{814483F5-13E1-4132-A3FC-CB1298E5F8D9}.Debug|Any CPU.ActiveCfg = Debug|Any CPU
		{814483F5-13E1-4132-A3FC-CB1298E5F8D9}.Debug|Any CPU.Build.0 = Debug|Any CPU
		{814483F5-13E1-4132-A3FC-CB1298E5F8D9}.Release|Any CPU.ActiveCfg = Release|Any CPU
		{814483F5-13E1-4132-A3FC-CB1298E5F8D9}.Release|Any CPU.Build.0 = Release|Any CPU
		{2C69272F-2641-40F1-B351-05AF73236A6A}.Debug|Any CPU.ActiveCfg = Debug|Any CPU
		{2C69272F-2641-40F1-B351-05AF73236A6A}.Debug|Any CPU.Build.0 = Debug|Any CPU
		{2C69272F-2641-40F1-B351-05AF73236A6A}.Release|Any CPU.ActiveCfg = Release|Any CPU
		{2C69272F-2641-40F1-B351-05AF73236A6A}.Release|Any CPU.Build.0 = Release|Any CPU
		{60D825A3-5D92-4EB9-A149-4E40AAAACC54}.Debug|Any CPU.ActiveCfg = Debug|Any CPU
		{60D825A3-5D92-4EB9-A149-4E40AAAACC54}.Debug|Any CPU.Build.0 = Debug|Any CPU
		{60D825A3-5D92-4EB9-A149-4E40AAAACC54}.Release|Any CPU.ActiveCfg = Release|Any CPU
		{60D825A3-5D92-4EB9-A149-4E40AAAACC54}.Release|Any CPU.Build.0 = Release|Any CPU
		{40831B3F-49C1-44CA-89B4-3E69C7F86DD0}.Debug|Any CPU.ActiveCfg = Debug|Any CPU
		{40831B3F-49C1-44CA-89B4-3E69C7F86DD0}.Debug|Any CPU.Build.0 = Debug|Any CPU
		{40831B3F-49C1-44CA-89B4-3E69C7F86DD0}.Release|Any CPU.ActiveCfg = Release|Any CPU
		{40831B3F-49C1-44CA-89B4-3E69C7F86DD0}.Release|Any CPU.Build.0 = Release|Any CPU
		{F053DAB0-32A7-495B-B3E1-D1CDD32BB21A}.Debug|Any CPU.ActiveCfg = Debug|Any CPU
		{F053DAB0-32A7-495B-B3E1-D1CDD32BB21A}.Debug|Any CPU.Build.0 = Debug|Any CPU
		{F053DAB0-32A7-495B-B3E1-D1CDD32BB21A}.Release|Any CPU.ActiveCfg = Release|Any CPU
		{F053DAB0-32A7-495B-B3E1-D1CDD32BB21A}.Release|Any CPU.Build.0 = Release|Any CPU
		{F4C2A3BE-C455-4720-80C6-02FCAE7209DF}.Debug|Any CPU.ActiveCfg = Debug|Any CPU
		{F4C2A3BE-C455-4720-80C6-02FCAE7209DF}.Debug|Any CPU.Build.0 = Debug|Any CPU
		{F4C2A3BE-C455-4720-80C6-02FCAE7209DF}.Release|Any CPU.ActiveCfg = Release|Any CPU
		{F4C2A3BE-C455-4720-80C6-02FCAE7209DF}.Release|Any CPU.Build.0 = Release|Any CPU
		{26A8FAB7-F683-4C73-AF25-9C28862010A0}.Debug|Any CPU.ActiveCfg = Debug|Any CPU
		{26A8FAB7-F683-4C73-AF25-9C28862010A0}.Debug|Any CPU.Build.0 = Debug|Any CPU
		{26A8FAB7-F683-4C73-AF25-9C28862010A0}.Release|Any CPU.ActiveCfg = Release|Any CPU
		{26A8FAB7-F683-4C73-AF25-9C28862010A0}.Release|Any CPU.Build.0 = Release|Any CPU
		{A751ECEE-C0E0-472C-A5B4-2321E1E331A2}.Debug|Any CPU.ActiveCfg = Debug|Any CPU
		{A751ECEE-C0E0-472C-A5B4-2321E1E331A2}.Debug|Any CPU.Build.0 = Debug|Any CPU
		{A751ECEE-C0E0-472C-A5B4-2321E1E331A2}.Release|Any CPU.ActiveCfg = Release|Any CPU
		{A751ECEE-C0E0-472C-A5B4-2321E1E331A2}.Release|Any CPU.Build.0 = Release|Any CPU
	EndGlobalSection
	GlobalSection(SolutionProperties) = preSolution
		HideSolutionNode = FALSE
	EndGlobalSection
	GlobalSection(NestedProjects) = preSolution
		{90101232-0EB0-4D3E-A2AC-DE8F56F48C09} = {5FAA39E9-8E52-4F6B-AC7A-A6C64D43211C}
		{0EA07BBE-5509-4D9E-84C8-E749314FC9F2} = {099EE366-8B73-4926-9715-DCDA0358F54C}
		{8523DB36-4EDB-4BC0-BBEE-05741295D849} = {47D36D24-7984-463A-95C0-1D4AE09142D6}
		{436EE22B-0B14-4A1A-8D73-A8B22ED184C8} = {06A8C86F-0743-41FA-B95B-169ECDA12D1C}
		{5FABA88F-09C3-407F-B6EB-C228A2D924A0} = {436EE22B-0B14-4A1A-8D73-A8B22ED184C8}
		{74ABB0BE-C689-4A9C-A540-AE96D26EA7D6} = {436EE22B-0B14-4A1A-8D73-A8B22ED184C8}
		{04F5267C-5AB5-465A-BEE4-CA62EBC1A014} = {436EE22B-0B14-4A1A-8D73-A8B22ED184C8}
		{CA8F6133-EB33-4906-94FB-7A8F1F6B3B1E} = {436EE22B-0B14-4A1A-8D73-A8B22ED184C8}
		{814483F5-13E1-4132-A3FC-CB1298E5F8D9} = {04F5267C-5AB5-465A-BEE4-CA62EBC1A014}
		{2C69272F-2641-40F1-B351-05AF73236A6A} = {74ABB0BE-C689-4A9C-A540-AE96D26EA7D6}
		{60D825A3-5D92-4EB9-A149-4E40AAAACC54} = {CA8F6133-EB33-4906-94FB-7A8F1F6B3B1E}
		{40831B3F-49C1-44CA-89B4-3E69C7F86DD0} = {5FABA88F-09C3-407F-B6EB-C228A2D924A0}
		{2942342C-D500-4453-B7AF-50E40C96B976} = {06A8C86F-0743-41FA-B95B-169ECDA12D1C}
		{D5F511DE-B997-45DF-A2C9-CD89D8DB8DCC} = {2942342C-D500-4453-B7AF-50E40C96B976}
		{1196D817-FC1D-4952-9E57-D071A85F5D76} = {2942342C-D500-4453-B7AF-50E40C96B976}
		{B0B1D1A0-B1DD-44C3-96D6-BBA78AC6D03D} = {2942342C-D500-4453-B7AF-50E40C96B976}
		{E6B5798C-2593-4D4D-ACFC-D047A8298328} = {2942342C-D500-4453-B7AF-50E40C96B976}
		{F053DAB0-32A7-495B-B3E1-D1CDD32BB21A} = {D5F511DE-B997-45DF-A2C9-CD89D8DB8DCC}
		{F4C2A3BE-C455-4720-80C6-02FCAE7209DF} = {B0B1D1A0-B1DD-44C3-96D6-BBA78AC6D03D}
		{26A8FAB7-F683-4C73-AF25-9C28862010A0} = {E6B5798C-2593-4D4D-ACFC-D047A8298328}
		{A751ECEE-C0E0-472C-A5B4-2321E1E331A2} = {1196D817-FC1D-4952-9E57-D071A85F5D76}
	EndGlobalSection
	GlobalSection(ExtensibilityGlobals) = postSolution
		SolutionGuid = {74F95C83-66D4-4FD4-9DD0-3D65DADA5C35}
	EndGlobalSection
EndGlobal
