
Microsoft Visual Studio Solution File, Format Version 12.00
# Visual Studio 15
VisualStudioVersion = 15.0.28307.757
MinimumVisualStudioVersion = 10.0.40219.1
Project("{FAE04EC0-301F-11D3-BF4B-00C04F79EFBC}") = "TopicDemo", "TopicDemo.csproj", "{8FF6BD25-E694-44B3-BA39-DC622C255903}"
EndProject
Global
	GlobalSection(SolutionConfigurationPlatforms) = preSolution
		Debug|Any CPU = Debug|Any CPU
		Release|Any CPU = Release|Any CPU
	EndGlobalSection
	GlobalSection(ProjectConfigurationPlatforms) = postSolution
		{8FF6BD25-E694-44B3-BA39-DC622C255903}.Debug|Any CPU.ActiveCfg = Debug|Any CPU
		{8FF6BD25-E694-44B3-BA39-DC622C255903}.Debug|Any CPU.Build.0 = Debug|Any CPU
		{8FF6BD25-E694-44B3-BA39-DC622C255903}.Release|Any CPU.ActiveCfg = Release|Any CPU
		{8FF6BD25-E694-44B3-BA39-DC622C255903}.Release|Any CPU.Build.0 = Release|Any CPU
	EndGlobalSection
	GlobalSection(SolutionProperties) = preSolution
		HideSolutionNode = FALSE
	EndGlobalSection
	GlobalSection(ExtensibilityGlobals) = postSolution
		SolutionGuid = {D3CE8FDC-8938-4B51-B94B-8929D07DEEE5}
	EndGlobalSection
EndGlobal
