
Microsoft Visual Studio Solution File, Format Version 12.00
# Visual Studio 15
VisualStudioVersion = 15.0.28307.757
MinimumVisualStudioVersion = 10.0.40219.1
Project("{FAE04EC0-301F-11D3-BF4B-00C04F79EFBC}") = "HeadersDemo", "HeadersDemo.csproj", "{1F089E59-A784-4248-96F8-B93D657F0022}"
EndProject
Global
	GlobalSection(SolutionConfigurationPlatforms) = preSolution
		Debug|Any CPU = Debug|Any CPU
		Release|Any CPU = Release|Any CPU
	EndGlobalSection
	GlobalSection(ProjectConfigurationPlatforms) = postSolution
		{1F089E59-A784-4248-96F8-B93D657F0022}.Debug|Any CPU.ActiveCfg = Debug|Any CPU
		{1F089E59-A784-4248-96F8-B93D657F0022}.Debug|Any CPU.Build.0 = Debug|Any CPU
		{1F089E59-A784-4248-96F8-B93D657F0022}.Release|Any CPU.ActiveCfg = Release|Any CPU
		{1F089E59-A784-4248-96F8-B93D657F0022}.Release|Any CPU.Build.0 = Release|Any CPU
	EndGlobalSection
	GlobalSection(SolutionProperties) = preSolution
		HideSolutionNode = FALSE
	EndGlobalSection
	GlobalSection(ExtensibilityGlobals) = postSolution
		SolutionGuid = {706CA39A-3983-4A91-95F0-374F49B4BA2F}
	EndGlobalSection
EndGlobal
